{
  "nodes": {
    "gift-wrap": {
      "inputs": {
        "nixpkgs": [
          "nixpkgs"
        ]
      },
      "locked": {
        "lastModified": 1755117209,
        "narHash": "sha256-B0og+vIax+zPutvST/6n96skJW/p2Xx07WM27ThsybE=",
        "owner": "tgirlcloud",
        "repo": "gift-wrap",
        "rev": "6b87008fe1aeca64738b69c6e37fb43caa85dab2",
        "type": "github"
      },
      "original": {
        "owner": "tgirlcloud",
        "repo": "gift-wrap",
        "type": "github"
      }
    },
    "nixpkgs": {
      "locked": {
        "lastModified": 315532800,
        "narHash": "sha256-81br2zxXQXCe0jzab+8tM5CIU04SsMy4sN/c0T3u07I=",
        "rev": "596312aae91421d6923f18cecce934a7d3bfd6b8",
        "type": "tarball",
        "url": "https://releases.nixos.org/nixpkgs/nixpkgs-25.11pre847334.596312aae914/nixexprs.tar.xz"
      },
      "original": {
        "type": "tarball",
        "url": "https://channels.nixos.org/nixpkgs-unstable/nixexprs.tar.xz"
      }
    },
    "root": {
      "inputs": {
        "gift-wrap": "gift-wrap",
        "nixpkgs": "nixpkgs"
      }
    }
  },
  "root": "root",
  "version": 7
}
