{
  "nodes": {
    "gift-wrap": {
      "inputs": {
        "nixpkgs": [
          "nixpkgs"
        ]
      },
      "locked": {
        "lastModified": 1755024909,
        "narHash": "sha256-8l/hm7eNhIcSf+jNi76jEgoHUvuMHwztHY6QkJMPIqU=",
        "owner": "tgirlcloud",
        "repo": "gift-wrap",
        "rev": "c6b440e28890d3d675339313c299ff3dca435faa",
        "type": "github"
      },
      "original": {
        "owner": "tgirlcloud",
        "repo": "gift-wrap",
        "type": "github"
      }
    },
    "nixpkgs": {
      "locked": {
        "lastModified": 315532800,
        "narHash": "sha256-gLe+YilZ6Y6Y0hlS5QxFOsdyFFtfPSpoeRhbhoYni+8=",
        "rev": "695d5db1b8b20b73292501683a524e0bd79074fb",
        "type": "tarball",
        "url": "https://releases.nixos.org/nixpkgs/nixpkgs-25.11pre843457.695d5db1b8b2/nixexprs.tar.xz"
      },
      "original": {
        "type": "tarball",
        "url": "https://channels.nixos.org/nixpkgs-unstable/nixexprs.tar.xz"
      }
    },
    "root": {
      "inputs": {
        "gift-wrap": "gift-wrap",
        "nixpkgs": "nixpkgs"
      }
    }
  },
  "root": "root",
  "version": 7
}
